
Microsoft Visual Studio Solution File, Format Version 12.00
# Visual Studio Version 17
VisualStudioVersion = 17.9.34723.18
MinimumVisualStudioVersion = 10.0.40219.1
Project("{FAE04EC0-301F-11D3-BF4B-00C04F79EFBC}") = "UnitySceneSentinel", "UnitySceneSentinel.csproj", "{446A40E1-AB1A-4F12-910E-E1DC2C7D1C5B}"
EndProject
Global
	GlobalSection(SolutionConfigurationPlatforms) = preSolution
		Debug|Any CPU = Debug|Any CPU
		Release|Any CPU = Release|Any CPU
	EndGlobalSection
	GlobalSection(ProjectConfigurationPlatforms) = postSolution
		{446A40E1-AB1A-4F12-910E-E1DC2C7D1C5B}.Debug|Any CPU.ActiveCfg = Debug|Any CPU
		{446A40E1-AB1A-4F12-910E-E1DC2C7D1C5B}.Debug|Any CPU.Build.0 = Debug|Any CPU
		{446A40E1-AB1A-4F12-910E-E1DC2C7D1C5B}.Release|Any CPU.ActiveCfg = Release|Any CPU
		{446A40E1-AB1A-4F12-910E-E1DC2C7D1C5B}.Release|Any CPU.Build.0 = Release|Any CPU
	EndGlobalSection
	GlobalSection(SolutionProperties) = preSolution
		HideSolutionNode = FALSE
	EndGlobalSection
	GlobalSection(ExtensibilityGlobals) = postSolution
		SolutionGuid = {1F97ABF9-0B70-4270-88FE-F95E16B2DDF1}
	EndGlobalSection
EndGlobal
